// !$*UTF8*$!
{
	archiveVersion = 1;
	classes = {
	};
	objectVersion = 56;
	objects = {

/* Begin PBXBuildFile section */
		15F7A32FEB9A0E246F118169 /* Pods_MenuPlannerApp.framework in Frameworks */ = {isa = PBXBuildFile; fileRef = 83CD481ACBA22D525615483B /* Pods_MenuPlannerApp.framework */; };
		4B0EBC052A23804A00B4CC63 /* ShoppingInputView.swift in Sources */ = {isa = PBXBuildFile; fileRef = 4B0EBC042A23804A00B4CC63 /* ShoppingInputView.swift */; };
		4B0EBC072A2381C700B4CC63 /* ShoppingEditView.swift in Sources */ = {isa = PBXBuildFile; fileRef = 4B0EBC062A2381C700B4CC63 /* ShoppingEditView.swift */; };
		4B24EDF72A2103F200ABB865 /* MenuPlannerAppApp.swift in Sources */ = {isa = PBXBuildFile; fileRef = 4B24EDF62A2103F200ABB865 /* MenuPlannerAppApp.swift */; };
		4B24EDF92A2103F200ABB865 /* ContentView.swift in Sources */ = {isa = PBXBuildFile; fileRef = 4B24EDF82A2103F200ABB865 /* ContentView.swift */; };
		4B24EDFB2A2103F400ABB865 /* Assets.xcassets in Resources */ = {isa = PBXBuildFile; fileRef = 4B24EDFA2A2103F400ABB865 /* Assets.xcassets */; };
		4B24EDFE2A2103F400ABB865 /* Preview Assets.xcassets in Resources */ = {isa = PBXBuildFile; fileRef = 4B24EDFD2A2103F400ABB865 /* Preview Assets.xcassets */; };
		4B24EE002A2103F400ABB865 /* Persistence.swift in Sources */ = {isa = PBXBuildFile; fileRef = 4B24EDFF2A2103F400ABB865 /* Persistence.swift */; };
		4B24EE032A2103F400ABB865 /* MenuPlannerApp.xcdatamodeld in Sources */ = {isa = PBXBuildFile; fileRef = 4B24EE012A2103F400ABB865 /* MenuPlannerApp.xcdatamodeld */; };
		4B24EE0A2A21043C00ABB865 /* InputView.swift in Sources */ = {isa = PBXBuildFile; fileRef = 4B24EE092A21043C00ABB865 /* InputView.swift */; };
		4B24EE0C2A21A04E00ABB865 /* MyMenuListView.swift in Sources */ = {isa = PBXBuildFile; fileRef = 4B24EE0B2A21A04E00ABB865 /* MyMenuListView.swift */; };
		4B24EE0E2A21A07D00ABB865 /* MyMenuInputView.swift in Sources */ = {isa = PBXBuildFile; fileRef = 4B24EE0D2A21A07D00ABB865 /* MyMenuInputView.swift */; };
		4B24EE122A21A0BB00ABB865 /* ShoppingListView.swift in Sources */ = {isa = PBXBuildFile; fileRef = 4B24EE112A21A0BB00ABB865 /* ShoppingListView.swift */; };
		4B24EE162A21A4AD00ABB865 /* MenuPlanList.swift in Sources */ = {isa = PBXBuildFile; fileRef = 4B24EE152A21A4AD00ABB865 /* MenuPlanList.swift */; };
		4B24EE182A228A9700ABB865 /* MyMenuEditView.swift in Sources */ = {isa = PBXBuildFile; fileRef = 4B24EE172A228A9700ABB865 /* MyMenuEditView.swift */; };
		4B24EE1A2A22981300ABB865 /* EditView.swift in Sources */ = {isa = PBXBuildFile; fileRef = 4B24EE192A22981300ABB865 /* EditView.swift */; };
		4B51C1ED2A4322CC00C6EE14 /* SwiftSoup.swift in Sources */ = {isa = PBXBuildFile; fileRef = 4B51C1EC2A4322CC00C6EE14 /* SwiftSoup.swift */; };
		4B51C1F02A43238B00C6EE14 /* SwiftSoup in Frameworks */ = {isa = PBXBuildFile; productRef = 4B51C1EF2A43238B00C6EE14 /* SwiftSoup */; };
		4B51C2122A4AAF7500C6EE14 /* UniformTypeIdentifiers.framework in Frameworks */ = {isa = PBXBuildFile; fileRef = 4B51C2112A4AAF7500C6EE14 /* UniformTypeIdentifiers.framework */; };
		4B51C2152A4AAF7500C6EE14 /* Media.xcassets in Resources */ = {isa = PBXBuildFile; fileRef = 4B51C2142A4AAF7500C6EE14 /* Media.xcassets */; };
		4B51C2172A4AAF7500C6EE14 /* ActionViewController.swift in Sources */ = {isa = PBXBuildFile; fileRef = 4B51C2162A4AAF7500C6EE14 /* ActionViewController.swift */; };
		4B51C21A2A4AAF7600C6EE14 /* MainInterface.storyboard in Resources */ = {isa = PBXBuildFile; fileRef = 4B51C2182A4AAF7500C6EE14 /* MainInterface.storyboard */; };
		4B51C21E2A4AAF7600C6EE14 /* ScrapeMenu.appex in Embed Foundation Extensions */ = {isa = PBXBuildFile; fileRef = 4B51C2102A4AAF7500C6EE14 /* ScrapeMenu.appex */; settings = {ATTRIBUTES = (RemoveHeadersOnCopy, ); }; };
		4B51C2242A4AB0FC00C6EE14 /* Action.js in Resources */ = {isa = PBXBuildFile; fileRef = 4B51C2232A4AB0FC00C6EE14 /* Action.js */; };
		4BADC8EC2A62D8BC0022E757 /* TutorialView.swift in Sources */ = {isa = PBXBuildFile; fileRef = 4BADC8EB2A62D8BC0022E757 /* TutorialView.swift */; };
		4BADC8EE2A62DAE70022E757 /* SettingsView.swift in Sources */ = {isa = PBXBuildFile; fileRef = 4BADC8ED2A62DAE70022E757 /* SettingsView.swift */; };
		4BADC8F02A64B10F0022E757 /* InterstitialView.swift in Sources */ = {isa = PBXBuildFile; fileRef = 4BADC8EF2A64B10F0022E757 /* InterstitialView.swift */; };
		4BB0A88D2A2E1FCD0089729F /* SeasonalFood.swift in Sources */ = {isa = PBXBuildFile; fileRef = 4BB0A88C2A2E1FCD0089729F /* SeasonalFood.swift */; };
/* End PBXBuildFile section */

/* Begin PBXContainerItemProxy section */
		4B51C21C2A4AAF7600C6EE14 /* PBXContainerItemProxy */ = {
			isa = PBXContainerItemProxy;
			containerPortal = 4B24EDEB2A2103F200ABB865 /* Project object */;
			proxyType = 1;
			remoteGlobalIDString = 4B51C20F2A4AAF7500C6EE14;
			remoteInfo = ScrapeMenu;
		};
/* End PBXContainerItemProxy section */

/* Begin PBXCopyFilesBuildPhase section */
		4B51C2222A4AAF7600C6EE14 /* Embed Foundation Extensions */ = {
			isa = PBXCopyFilesBuildPhase;
			buildActionMask = 2147483647;
			dstPath = "";
			dstSubfolderSpec = 13;
			files = (
				4B51C21E2A4AAF7600C6EE14 /* ScrapeMenu.appex in Embed Foundation Extensions */,
			);
			name = "Embed Foundation Extensions";
			runOnlyForDeploymentPostprocessing = 0;
		};
/* End PBXCopyFilesBuildPhase section */

/* Begin PBXFileReference section */
		15971432811F81E43C0B4CDF /* Pods-MenuPlannerApp.debug.xcconfig */ = {isa = PBXFileReference; includeInIndex = 1; lastKnownFileType = text.xcconfig; name = "Pods-MenuPlannerApp.debug.xcconfig"; path = "Target Support Files/Pods-MenuPlannerApp/Pods-MenuPlannerApp.debug.xcconfig"; sourceTree = "<group>"; };
		4B0EBC042A23804A00B4CC63 /* ShoppingInputView.swift */ = {isa = PBXFileReference; lastKnownFileType = sourcecode.swift; path = ShoppingInputView.swift; sourceTree = "<group>"; };
		4B0EBC062A2381C700B4CC63 /* ShoppingEditView.swift */ = {isa = PBXFileReference; lastKnownFileType = sourcecode.swift; path = ShoppingEditView.swift; sourceTree = "<group>"; };
		4B24EDF32A2103F200ABB865 /* MenuPlannerApp.app */ = {isa = PBXFileReference; explicitFileType = wrapper.application; includeInIndex = 0; path = MenuPlannerApp.app; sourceTree = BUILT_PRODUCTS_DIR; };
		4B24EDF62A2103F200ABB865 /* MenuPlannerAppApp.swift */ = {isa = PBXFileReference; lastKnownFileType = sourcecode.swift; path = MenuPlannerAppApp.swift; sourceTree = "<group>"; };
		4B24EDF82A2103F200ABB865 /* ContentView.swift */ = {isa = PBXFileReference; lastKnownFileType = sourcecode.swift; path = ContentView.swift; sourceTree = "<group>"; };
		4B24EDFA2A2103F400ABB865 /* Assets.xcassets */ = {isa = PBXFileReference; lastKnownFileType = folder.assetcatalog; path = Assets.xcassets; sourceTree = "<group>"; };
		4B24EDFD2A2103F400ABB865 /* Preview Assets.xcassets */ = {isa = PBXFileReference; lastKnownFileType = folder.assetcatalog; path = "Preview Assets.xcassets"; sourceTree = "<group>"; };
		4B24EDFF2A2103F400ABB865 /* Persistence.swift */ = {isa = PBXFileReference; lastKnownFileType = sourcecode.swift; path = Persistence.swift; sourceTree = "<group>"; };
		4B24EE022A2103F400ABB865 /* MenuPlannerApp.xcdatamodel */ = {isa = PBXFileReference; lastKnownFileType = wrapper.xcdatamodel; path = MenuPlannerApp.xcdatamodel; sourceTree = "<group>"; };
		4B24EE092A21043C00ABB865 /* InputView.swift */ = {isa = PBXFileReference; lastKnownFileType = sourcecode.swift; path = InputView.swift; sourceTree = "<group>"; };
		4B24EE0B2A21A04E00ABB865 /* MyMenuListView.swift */ = {isa = PBXFileReference; lastKnownFileType = sourcecode.swift; path = MyMenuListView.swift; sourceTree = "<group>"; };
		4B24EE0D2A21A07D00ABB865 /* MyMenuInputView.swift */ = {isa = PBXFileReference; lastKnownFileType = sourcecode.swift; path = MyMenuInputView.swift; sourceTree = "<group>"; };
		4B24EE112A21A0BB00ABB865 /* ShoppingListView.swift */ = {isa = PBXFileReference; lastKnownFileType = sourcecode.swift; path = ShoppingListView.swift; sourceTree = "<group>"; };
		4B24EE152A21A4AD00ABB865 /* MenuPlanList.swift */ = {isa = PBXFileReference; lastKnownFileType = sourcecode.swift; path = MenuPlanList.swift; sourceTree = "<group>"; };
		4B24EE172A228A9700ABB865 /* MyMenuEditView.swift */ = {isa = PBXFileReference; lastKnownFileType = sourcecode.swift; path = MyMenuEditView.swift; sourceTree = "<group>"; };
		4B24EE192A22981300ABB865 /* EditView.swift */ = {isa = PBXFileReference; lastKnownFileType = sourcecode.swift; path = EditView.swift; sourceTree = "<group>"; };
		4B51C1EB2A3FDBFA00C6EE14 /* Info.plist */ = {isa = PBXFileReference; lastKnownFileType = text.plist.xml; path = Info.plist; sourceTree = "<group>"; };
		4B51C1EC2A4322CC00C6EE14 /* SwiftSoup.swift */ = {isa = PBXFileReference; lastKnownFileType = sourcecode.swift; path = SwiftSoup.swift; sourceTree = "<group>"; };
		4B51C2102A4AAF7500C6EE14 /* ScrapeMenu.appex */ = {isa = PBXFileReference; explicitFileType = "wrapper.app-extension"; includeInIndex = 0; path = ScrapeMenu.appex; sourceTree = BUILT_PRODUCTS_DIR; };
		4B51C2112A4AAF7500C6EE14 /* UniformTypeIdentifiers.framework */ = {isa = PBXFileReference; lastKnownFileType = wrapper.framework; name = UniformTypeIdentifiers.framework; path = System/Library/Frameworks/UniformTypeIdentifiers.framework; sourceTree = SDKROOT; };
		4B51C2142A4AAF7500C6EE14 /* Media.xcassets */ = {isa = PBXFileReference; lastKnownFileType = folder.assetcatalog; path = Media.xcassets; sourceTree = "<group>"; };
		4B51C2162A4AAF7500C6EE14 /* ActionViewController.swift */ = {isa = PBXFileReference; lastKnownFileType = sourcecode.swift; path = ActionViewController.swift; sourceTree = "<group>"; };
		4B51C2192A4AAF7600C6EE14 /* Base */ = {isa = PBXFileReference; lastKnownFileType = file.storyboard; name = Base; path = Base.lproj/MainInterface.storyboard; sourceTree = "<group>"; };
		4B51C21B2A4AAF7600C6EE14 /* Info.plist */ = {isa = PBXFileReference; lastKnownFileType = text.plist.xml; path = Info.plist; sourceTree = "<group>"; };
		4B51C2232A4AB0FC00C6EE14 /* Action.js */ = {isa = PBXFileReference; lastKnownFileType = sourcecode.javascript; path = Action.js; sourceTree = "<group>"; };
		4B51C2252A4ABDD600C6EE14 /* MenuPlannerApp.entitlements */ = {isa = PBXFileReference; lastKnownFileType = text.plist.entitlements; path = MenuPlannerApp.entitlements; sourceTree = "<group>"; };
		4B51C2262A4AC47100C6EE14 /* ScrapeMenu.entitlements */ = {isa = PBXFileReference; lastKnownFileType = text.plist.entitlements; path = ScrapeMenu.entitlements; sourceTree = "<group>"; };
		4BADC8EB2A62D8BC0022E757 /* TutorialView.swift */ = {isa = PBXFileReference; lastKnownFileType = sourcecode.swift; path = TutorialView.swift; sourceTree = "<group>"; };
		4BADC8ED2A62DAE70022E757 /* SettingsView.swift */ = {isa = PBXFileReference; lastKnownFileType = sourcecode.swift; path = SettingsView.swift; sourceTree = "<group>"; };
		4BADC8EF2A64B10F0022E757 /* InterstitialView.swift */ = {isa = PBXFileReference; lastKnownFileType = sourcecode.swift; path = InterstitialView.swift; sourceTree = "<group>"; };
		4BB0A88C2A2E1FCD0089729F /* SeasonalFood.swift */ = {isa = PBXFileReference; lastKnownFileType = sourcecode.swift; path = SeasonalFood.swift; sourceTree = "<group>"; };
		4BB0A8C72A3401B80089729F /* MenuPlannerApp 2.xcdatamodel */ = {isa = PBXFileReference; lastKnownFileType = wrapper.xcdatamodel; path = "MenuPlannerApp 2.xcdatamodel"; sourceTree = "<group>"; };
		83CD481ACBA22D525615483B /* Pods_MenuPlannerApp.framework */ = {isa = PBXFileReference; explicitFileType = wrapper.framework; includeInIndex = 0; path = Pods_MenuPlannerApp.framework; sourceTree = BUILT_PRODUCTS_DIR; };
		DEFE59A9DFD5D5CBC964686D /* Pods-MenuPlannerApp.release.xcconfig */ = {isa = PBXFileReference; includeInIndex = 1; lastKnownFileType = text.xcconfig; name = "Pods-MenuPlannerApp.release.xcconfig"; path = "Target Support Files/Pods-MenuPlannerApp/Pods-MenuPlannerApp.release.xcconfig"; sourceTree = "<group>"; };
/* End PBXFileReference section */

/* Begin PBXFrameworksBuildPhase section */
		4B24EDF02A2103F200ABB865 /* Frameworks */ = {
			isa = PBXFrameworksBuildPhase;
			buildActionMask = 2147483647;
			files = (
				4B51C1F02A43238B00C6EE14 /* SwiftSoup in Frameworks */,
				15F7A32FEB9A0E246F118169 /* Pods_MenuPlannerApp.framework in Frameworks */,
			);
			runOnlyForDeploymentPostprocessing = 0;
		};
		4B51C20D2A4AAF7500C6EE14 /* Frameworks */ = {
			isa = PBXFrameworksBuildPhase;
			buildActionMask = 2147483647;
			files = (
				4B51C2122A4AAF7500C6EE14 /* UniformTypeIdentifiers.framework in Frameworks */,
			);
			runOnlyForDeploymentPostprocessing = 0;
		};
/* End PBXFrameworksBuildPhase section */

/* Begin PBXGroup section */
		4B24EDEA2A2103F200ABB865 = {
			isa = PBXGroup;
			children = (
				4B24EDF52A2103F200ABB865 /* MenuPlannerApp */,
				4B51C2132A4AAF7500C6EE14 /* ScrapeMenu */,
				4B24EDF42A2103F200ABB865 /* Products */,
				D82C2863DE0D432C3360F0E9 /* Pods */,
				FA84CEC90741C34B628AAA2E /* Frameworks */,
			);
			sourceTree = "<group>";
		};
		4B24EDF42A2103F200ABB865 /* Products */ = {
			isa = PBXGroup;
			children = (
				4B24EDF32A2103F200ABB865 /* MenuPlannerApp.app */,
				4B51C2102A4AAF7500C6EE14 /* ScrapeMenu.appex */,
			);
			name = Products;
			sourceTree = "<group>";
		};
		4B24EDF52A2103F200ABB865 /* MenuPlannerApp */ = {
			isa = PBXGroup;
			children = (
				4B51C2252A4ABDD600C6EE14 /* MenuPlannerApp.entitlements */,
				4B51C1EB2A3FDBFA00C6EE14 /* Info.plist */,
				4B24EDF62A2103F200ABB865 /* MenuPlannerAppApp.swift */,
				4B24EDF82A2103F200ABB865 /* ContentView.swift */,
				4B24EE152A21A4AD00ABB865 /* MenuPlanList.swift */,
				4B24EE092A21043C00ABB865 /* InputView.swift */,
				4B24EE192A22981300ABB865 /* EditView.swift */,
				4B24EE0B2A21A04E00ABB865 /* MyMenuListView.swift */,
				4B24EE0D2A21A07D00ABB865 /* MyMenuInputView.swift */,
				4B24EE172A228A9700ABB865 /* MyMenuEditView.swift */,
				4B24EE112A21A0BB00ABB865 /* ShoppingListView.swift */,
				4B0EBC042A23804A00B4CC63 /* ShoppingInputView.swift */,
				4B0EBC062A2381C700B4CC63 /* ShoppingEditView.swift */,
				4BADC8ED2A62DAE70022E757 /* SettingsView.swift */,
				4BADC8EF2A64B10F0022E757 /* InterstitialView.swift */,
				4BADC8EB2A62D8BC0022E757 /* TutorialView.swift */,
				4BB0A88C2A2E1FCD0089729F /* SeasonalFood.swift */,
				4B51C1EC2A4322CC00C6EE14 /* SwiftSoup.swift */,
				4B24EDFA2A2103F400ABB865 /* Assets.xcassets */,
				4B24EDFF2A2103F400ABB865 /* Persistence.swift */,
				4B24EE012A2103F400ABB865 /* MenuPlannerApp.xcdatamodeld */,
				4B24EDFC2A2103F400ABB865 /* Preview Content */,
			);
			path = MenuPlannerApp;
			sourceTree = "<group>";
		};
		4B24EDFC2A2103F400ABB865 /* Preview Content */ = {
			isa = PBXGroup;
			children = (
				4B24EDFD2A2103F400ABB865 /* Preview Assets.xcassets */,
			);
			path = "Preview Content";
			sourceTree = "<group>";
		};
		4B51C2132A4AAF7500C6EE14 /* ScrapeMenu */ = {
			isa = PBXGroup;
			children = (
				4B51C2262A4AC47100C6EE14 /* ScrapeMenu.entitlements */,
				4B51C2142A4AAF7500C6EE14 /* Media.xcassets */,
				4B51C2162A4AAF7500C6EE14 /* ActionViewController.swift */,
				4B51C2182A4AAF7500C6EE14 /* MainInterface.storyboard */,
				4B51C21B2A4AAF7600C6EE14 /* Info.plist */,
				4B51C2232A4AB0FC00C6EE14 /* Action.js */,
			);
			path = ScrapeMenu;
			sourceTree = "<group>";
		};
		D82C2863DE0D432C3360F0E9 /* Pods */ = {
			isa = PBXGroup;
			children = (
				15971432811F81E43C0B4CDF /* Pods-MenuPlannerApp.debug.xcconfig */,
				DEFE59A9DFD5D5CBC964686D /* Pods-MenuPlannerApp.release.xcconfig */,
			);
			path = Pods;
			sourceTree = "<group>";
		};
		FA84CEC90741C34B628AAA2E /* Frameworks */ = {
			isa = PBXGroup;
			children = (
				83CD481ACBA22D525615483B /* Pods_MenuPlannerApp.framework */,
				4B51C2112A4AAF7500C6EE14 /* UniformTypeIdentifiers.framework */,
			);
			name = Frameworks;
			sourceTree = "<group>";
		};
/* End PBXGroup section */

/* Begin PBXNativeTarget section */
		4B24EDF22A2103F200ABB865 /* MenuPlannerApp */ = {
			isa = PBXNativeTarget;
			buildConfigurationList = 4B24EE062A2103F400ABB865 /* Build configuration list for PBXNativeTarget "MenuPlannerApp" */;
			buildPhases = (
				823000501A5AC9A7CA68C1E5 /* [CP] Check Pods Manifest.lock */,
				4B24EDEF2A2103F200ABB865 /* Sources */,
				4B24EDF02A2103F200ABB865 /* Frameworks */,
				4B24EDF12A2103F200ABB865 /* Resources */,
				EBE9B5B4C8745DBCB99C5A33 /* [CP] Embed Pods Frameworks */,
				4B51C2222A4AAF7600C6EE14 /* Embed Foundation Extensions */,
			);
			buildRules = (
			);
			dependencies = (
				4B51C21D2A4AAF7600C6EE14 /* PBXTargetDependency */,
			);
			name = MenuPlannerApp;
			packageProductDependencies = (
				4B51C1EF2A43238B00C6EE14 /* SwiftSoup */,
			);
			productName = MenuPlannerApp;
			productReference = 4B24EDF32A2103F200ABB865 /* MenuPlannerApp.app */;
			productType = "com.apple.product-type.application";
		};
		4B51C20F2A4AAF7500C6EE14 /* ScrapeMenu */ = {
			isa = PBXNativeTarget;
			buildConfigurationList = 4B51C21F2A4AAF7600C6EE14 /* Build configuration list for PBXNativeTarget "ScrapeMenu" */;
			buildPhases = (
				4B51C20C2A4AAF7500C6EE14 /* Sources */,
				4B51C20D2A4AAF7500C6EE14 /* Frameworks */,
				4B51C20E2A4AAF7500C6EE14 /* Resources */,
			);
			buildRules = (
			);
			dependencies = (
			);
			name = ScrapeMenu;
			productName = ScrapeMenu;
			productReference = 4B51C2102A4AAF7500C6EE14 /* ScrapeMenu.appex */;
			productType = "com.apple.product-type.app-extension";
		};
/* End PBXNativeTarget section */

/* Begin PBXProject section */
		4B24EDEB2A2103F200ABB865 /* Project object */ = {
			isa = PBXProject;
			attributes = {
				BuildIndependentTargetsInParallel = 1;
				LastSwiftUpdateCheck = 1430;
				LastUpgradeCheck = 1430;
				TargetAttributes = {
					4B24EDF22A2103F200ABB865 = {
						CreatedOnToolsVersion = 14.3;
					};
					4B51C20F2A4AAF7500C6EE14 = {
						CreatedOnToolsVersion = 14.3.1;
					};
				};
			};
			buildConfigurationList = 4B24EDEE2A2103F200ABB865 /* Build configuration list for PBXProject "MenuPlannerApp" */;
			compatibilityVersion = "Xcode 14.0";
			developmentRegion = en;
			hasScannedForEncodings = 0;
			knownRegions = (
				en,
				Base,
			);
			mainGroup = 4B24EDEA2A2103F200ABB865;
			packageReferences = (
				4B0EBC012A23797300B4CC63 /* XCRemoteSwiftPackageReference "SDWebImageSwiftUI" */,
				4B51C1EE2A43238B00C6EE14 /* XCRemoteSwiftPackageReference "SwiftSoup" */,
			);
			productRefGroup = 4B24EDF42A2103F200ABB865 /* Products */;
			projectDirPath = "";
			projectRoot = "";
			targets = (
				4B24EDF22A2103F200ABB865 /* MenuPlannerApp */,
				4B51C20F2A4AAF7500C6EE14 /* ScrapeMenu */,
			);
		};
/* End PBXProject section */

/* Begin PBXResourcesBuildPhase section */
		4B24EDF12A2103F200ABB865 /* Resources */ = {
			isa = PBXResourcesBuildPhase;
			buildActionMask = 2147483647;
			files = (
				4B24EDFE2A2103F400ABB865 /* Preview Assets.xcassets in Resources */,
				4B24EDFB2A2103F400ABB865 /* Assets.xcassets in Resources */,
			);
			runOnlyForDeploymentPostprocessing = 0;
		};
		4B51C20E2A4AAF7500C6EE14 /* Resources */ = {
			isa = PBXResourcesBuildPhase;
			buildActionMask = 2147483647;
			files = (
				4B51C2242A4AB0FC00C6EE14 /* Action.js in Resources */,
				4B51C2152A4AAF7500C6EE14 /* Media.xcassets in Resources */,
				4B51C21A2A4AAF7600C6EE14 /* MainInterface.storyboard in Resources */,
			);
			runOnlyForDeploymentPostprocessing = 0;
		};
/* End PBXResourcesBuildPhase section */

/* Begin PBXShellScriptBuildPhase section */
		823000501A5AC9A7CA68C1E5 /* [CP] Check Pods Manifest.lock */ = {
			isa = PBXShellScriptBuildPhase;
			buildActionMask = 2147483647;
			files = (
			);
			inputFileListPaths = (
			);
			inputPaths = (
				"${PODS_PODFILE_DIR_PATH}/Podfile.lock",
				"${PODS_ROOT}/Manifest.lock",
			);
			name = "[CP] Check Pods Manifest.lock";
			outputFileListPaths = (
			);
			outputPaths = (
				"$(DERIVED_FILE_DIR)/Pods-MenuPlannerApp-checkManifestLockResult.txt",
			);
			runOnlyForDeploymentPostprocessing = 0;
			shellPath = /bin/sh;
			shellScript = "diff \"${PODS_PODFILE_DIR_PATH}/Podfile.lock\" \"${PODS_ROOT}/Manifest.lock\" > /dev/null\nif [ $? != 0 ] ; then\n    # print error to STDERR\n    echo \"error: The sandbox is not in sync with the Podfile.lock. Run 'pod install' or update your CocoaPods installation.\" >&2\n    exit 1\nfi\n# This output is used by Xcode 'outputs' to avoid re-running this script phase.\necho \"SUCCESS\" > \"${SCRIPT_OUTPUT_FILE_0}\"\n";
			showEnvVarsInLog = 0;
		};
		EBE9B5B4C8745DBCB99C5A33 /* [CP] Embed Pods Frameworks */ = {
			isa = PBXShellScriptBuildPhase;
			buildActionMask = 2147483647;
			files = (
			);
			inputFileListPaths = (
				"${PODS_ROOT}/Target Support Files/Pods-MenuPlannerApp/Pods-MenuPlannerApp-frameworks-${CONFIGURATION}-input-files.xcfilelist",
			);
			name = "[CP] Embed Pods Frameworks";
			outputFileListPaths = (
				"${PODS_ROOT}/Target Support Files/Pods-MenuPlannerApp/Pods-MenuPlannerApp-frameworks-${CONFIGURATION}-output-files.xcfilelist",
			);
			runOnlyForDeploymentPostprocessing = 0;
			shellPath = /bin/sh;
			shellScript = "\"${PODS_ROOT}/Target Support Files/Pods-MenuPlannerApp/Pods-MenuPlannerApp-frameworks.sh\"\n";
			showEnvVarsInLog = 0;
		};
/* End PBXShellScriptBuildPhase section */

/* Begin PBXSourcesBuildPhase section */
		4B24EDEF2A2103F200ABB865 /* Sources */ = {
			isa = PBXSourcesBuildPhase;
			buildActionMask = 2147483647;
			files = (
				4B24EE122A21A0BB00ABB865 /* ShoppingListView.swift in Sources */,
				4B51C1ED2A4322CC00C6EE14 /* SwiftSoup.swift in Sources */,
				4B0EBC052A23804A00B4CC63 /* ShoppingInputView.swift in Sources */,
				4B24EE162A21A4AD00ABB865 /* MenuPlanList.swift in Sources */,
				4BB0A88D2A2E1FCD0089729F /* SeasonalFood.swift in Sources */,
				4BADC8EE2A62DAE70022E757 /* SettingsView.swift in Sources */,
				4B24EE1A2A22981300ABB865 /* EditView.swift in Sources */,
				4B24EE002A2103F400ABB865 /* Persistence.swift in Sources */,
				4B24EE182A228A9700ABB865 /* MyMenuEditView.swift in Sources */,
				4B24EE032A2103F400ABB865 /* MenuPlannerApp.xcdatamodeld in Sources */,
				4B24EE0A2A21043C00ABB865 /* InputView.swift in Sources */,
				4B24EDF92A2103F200ABB865 /* ContentView.swift in Sources */,
				4B24EE0E2A21A07D00ABB865 /* MyMenuInputView.swift in Sources */,
				4BADC8EC2A62D8BC0022E757 /* TutorialView.swift in Sources */,
				4B24EDF72A2103F200ABB865 /* MenuPlannerAppApp.swift in Sources */,
				4B24EE0C2A21A04E00ABB865 /* MyMenuListView.swift in Sources */,
				4BADC8F02A64B10F0022E757 /* InterstitialView.swift in Sources */,
				4B0EBC072A2381C700B4CC63 /* ShoppingEditView.swift in Sources */,
			);
			runOnlyForDeploymentPostprocessing = 0;
		};
		4B51C20C2A4AAF7500C6EE14 /* Sources */ = {
			isa = PBXSourcesBuildPhase;
			buildActionMask = 2147483647;
			files = (
				4B51C2172A4AAF7500C6EE14 /* ActionViewController.swift in Sources */,
			);
			runOnlyForDeploymentPostprocessing = 0;
		};
/* End PBXSourcesBuildPhase section */

/* Begin PBXTargetDependency section */
		4B51C21D2A4AAF7600C6EE14 /* PBXTargetDependency */ = {
			isa = PBXTargetDependency;
			target = 4B51C20F2A4AAF7500C6EE14 /* ScrapeMenu */;
			targetProxy = 4B51C21C2A4AAF7600C6EE14 /* PBXContainerItemProxy */;
		};
/* End PBXTargetDependency section */

/* Begin PBXVariantGroup section */
		4B51C2182A4AAF7500C6EE14 /* MainInterface.storyboard */ = {
			isa = PBXVariantGroup;
			children = (
				4B51C2192A4AAF7600C6EE14 /* Base */,
			);
			name = MainInterface.storyboard;
			sourceTree = "<group>";
		};
/* End PBXVariantGroup section */

/* Begin XCBuildConfiguration section */
		4B24EE042A2103F400ABB865 /* Debug */ = {
			isa = XCBuildConfiguration;
			buildSettings = {
				ALWAYS_SEARCH_USER_PATHS = NO;
				CLANG_ANALYZER_NONNULL = YES;
				CLANG_ANALYZER_NUMBER_OBJECT_CONVERSION = YES_AGGRESSIVE;
				CLANG_CXX_LANGUAGE_STANDARD = "gnu++20";
				CLANG_ENABLE_MODULES = YES;
				CLANG_ENABLE_OBJC_ARC = YES;
				CLANG_ENABLE_OBJC_WEAK = YES;
				CLANG_WARN_BLOCK_CAPTURE_AUTORELEASING = YES;
				CLANG_WARN_BOOL_CONVERSION = YES;
				CLANG_WARN_COMMA = YES;
				CLANG_WARN_CONSTANT_CONVERSION = YES;
				CLANG_WARN_DEPRECATED_OBJC_IMPLEMENTATIONS = YES;
				CLANG_WARN_DIRECT_OBJC_ISA_USAGE = YES_ERROR;
				CLANG_WARN_DOCUMENTATION_COMMENTS = YES;
				CLANG_WARN_EMPTY_BODY = YES;
				CLANG_WARN_ENUM_CONVERSION = YES;
				CLANG_WARN_INFINITE_RECURSION = YES;
				CLANG_WARN_INT_CONVERSION = YES;
				CLANG_WARN_NON_LITERAL_NULL_CONVERSION = YES;
				CLANG_WARN_OBJC_IMPLICIT_RETAIN_SELF = YES;
				CLANG_WARN_OBJC_LITERAL_CONVERSION = YES;
				CLANG_WARN_OBJC_ROOT_CLASS = YES_ERROR;
				CLANG_WARN_QUOTED_INCLUDE_IN_FRAMEWORK_HEADER = YES;
				CLANG_WARN_RANGE_LOOP_ANALYSIS = YES;
				CLANG_WARN_STRICT_PROTOTYPES = YES;
				CLANG_WARN_SUSPICIOUS_MOVE = YES;
				CLANG_WARN_UNGUARDED_AVAILABILITY = YES_AGGRESSIVE;
				CLANG_WARN_UNREACHABLE_CODE = YES;
				CLANG_WARN__DUPLICATE_METHOD_MATCH = YES;
				COPY_PHASE_STRIP = NO;
				DEBUG_INFORMATION_FORMAT = dwarf;
				ENABLE_STRICT_OBJC_MSGSEND = YES;
				ENABLE_TESTABILITY = YES;
				GCC_C_LANGUAGE_STANDARD = gnu11;
				GCC_DYNAMIC_NO_PIC = NO;
				GCC_NO_COMMON_BLOCKS = YES;
				GCC_OPTIMIZATION_LEVEL = 0;
				GCC_PREPROCESSOR_DEFINITIONS = (
					"DEBUG=1",
					"$(inherited)",
				);
				GCC_WARN_64_TO_32_BIT_CONVERSION = YES;
				GCC_WARN_ABOUT_RETURN_TYPE = YES_ERROR;
				GCC_WARN_UNDECLARED_SELECTOR = YES;
				GCC_WARN_UNINITIALIZED_AUTOS = YES_AGGRESSIVE;
				GCC_WARN_UNUSED_FUNCTION = YES;
				GCC_WARN_UNUSED_VARIABLE = YES;
				IPHONEOS_DEPLOYMENT_TARGET = 16.4;
				MTL_ENABLE_DEBUG_INFO = INCLUDE_SOURCE;
				MTL_FAST_MATH = YES;
				ONLY_ACTIVE_ARCH = YES;
				SDKROOT = iphoneos;
				SWIFT_ACTIVE_COMPILATION_CONDITIONS = DEBUG;
				SWIFT_OPTIMIZATION_LEVEL = "-Onone";
			};
			name = Debug;
		};
		4B24EE052A2103F400ABB865 /* Release */ = {
			isa = XCBuildConfiguration;
			buildSettings = {
				ALWAYS_SEARCH_USER_PATHS = NO;
				CLANG_ANALYZER_NONNULL = YES;
				CLANG_ANALYZER_NUMBER_OBJECT_CONVERSION = YES_AGGRESSIVE;
				CLANG_CXX_LANGUAGE_STANDARD = "gnu++20";
				CLANG_ENABLE_MODULES = YES;
				CLANG_ENABLE_OBJC_ARC = YES;
				CLANG_ENABLE_OBJC_WEAK = YES;
				CLANG_WARN_BLOCK_CAPTURE_AUTORELEASING = YES;
				CLANG_WARN_BOOL_CONVERSION = YES;
				CLANG_WARN_COMMA = YES;
				CLANG_WARN_CONSTANT_CONVERSION = YES;
				CLANG_WARN_DEPRECATED_OBJC_IMPLEMENTATIONS = YES;
				CLANG_WARN_DIRECT_OBJC_ISA_USAGE = YES_ERROR;
				CLANG_WARN_DOCUMENTATION_COMMENTS = YES;
				CLANG_WARN_EMPTY_BODY = YES;
				CLANG_WARN_ENUM_CONVERSION = YES;
				CLANG_WARN_INFINITE_RECURSION = YES;
				CLANG_WARN_INT_CONVERSION = YES;
				CLANG_WARN_NON_LITERAL_NULL_CONVERSION = YES;
				CLANG_WARN_OBJC_IMPLICIT_RETAIN_SELF = YES;
				CLANG_WARN_OBJC_LITERAL_CONVERSION = YES;
				CLANG_WARN_OBJC_ROOT_CLASS = YES_ERROR;
				CLANG_WARN_QUOTED_INCLUDE_IN_FRAMEWORK_HEADER = YES;
				CLANG_WARN_RANGE_LOOP_ANALYSIS = YES;
				CLANG_WARN_STRICT_PROTOTYPES = YES;
				CLANG_WARN_SUSPICIOUS_MOVE = YES;
				CLANG_WARN_UNGUARDED_AVAILABILITY = YES_AGGRESSIVE;
				CLANG_WARN_UNREACHABLE_CODE = YES;
				CLANG_WARN__DUPLICATE_METHOD_MATCH = YES;
				COPY_PHASE_STRIP = NO;
				DEBUG_INFORMATION_FORMAT = "dwarf-with-dsym";
				ENABLE_NS_ASSERTIONS = NO;
				ENABLE_STRICT_OBJC_MSGSEND = YES;
				GCC_C_LANGUAGE_STANDARD = gnu11;
				GCC_NO_COMMON_BLOCKS = YES;
				GCC_WARN_64_TO_32_BIT_CONVERSION = YES;
				GCC_WARN_ABOUT_RETURN_TYPE = YES_ERROR;
				GCC_WARN_UNDECLARED_SELECTOR = YES;
				GCC_WARN_UNINITIALIZED_AUTOS = YES_AGGRESSIVE;
				GCC_WARN_UNUSED_FUNCTION = YES;
				GCC_WARN_UNUSED_VARIABLE = YES;
				IPHONEOS_DEPLOYMENT_TARGET = 16.4;
				MTL_ENABLE_DEBUG_INFO = NO;
				MTL_FAST_MATH = YES;
				SDKROOT = iphoneos;
				SWIFT_COMPILATION_MODE = wholemodule;
				SWIFT_OPTIMIZATION_LEVEL = "-O";
				VALIDATE_PRODUCT = YES;
			};
			name = Release;
		};
		4B24EE072A2103F400ABB865 /* Debug */ = {
			isa = XCBuildConfiguration;
			baseConfigurationReference = 15971432811F81E43C0B4CDF /* Pods-MenuPlannerApp.debug.xcconfig */;
			buildSettings = {
				ALWAYS_EMBED_SWIFT_STANDARD_LIBRARIES = YES;
				ASSETCATALOG_COMPILER_APPICON_NAME = AppIcon;
				ASSETCATALOG_COMPILER_GLOBAL_ACCENT_COLOR_NAME = AccentColor;
				CODE_SIGN_ENTITLEMENTS = MenuPlannerApp/MenuPlannerApp.entitlements;
				CODE_SIGN_STYLE = Automatic;
				CURRENT_PROJECT_VERSION = 1.0.11;
				DEVELOPMENT_ASSET_PATHS = "\"MenuPlannerApp/Preview Content\"";
				DEVELOPMENT_TEAM = 9Y8DN4T44B;
				ENABLE_PREVIEWS = YES;
				GENERATE_INFOPLIST_FILE = YES;
				INFOPLIST_FILE = MenuPlannerApp/Info.plist;
				INFOPLIST_KEY_CFBundleDisplayName = "おうちごはん";
				INFOPLIST_KEY_UIApplicationSceneManifest_Generation = YES;
				INFOPLIST_KEY_UIApplicationSupportsIndirectInputEvents = YES;
				INFOPLIST_KEY_UILaunchScreen_Generation = YES;
				INFOPLIST_KEY_UISupportedInterfaceOrientations_iPad = "UIInterfaceOrientationPortrait UIInterfaceOrientationPortraitUpsideDown UIInterfaceOrientationLandscapeLeft UIInterfaceOrientationLandscapeRight";
				INFOPLIST_KEY_UISupportedInterfaceOrientations_iPhone = "UIInterfaceOrientationPortrait UIInterfaceOrientationLandscapeLeft UIInterfaceOrientationLandscapeRight";
				LD_RUNPATH_SEARCH_PATHS = (
					"$(inherited)",
					"@executable_path/Frameworks",
				);
				MARKETING_VERSION = 1.0.11;
				PRODUCT_BUNDLE_IDENTIFIER = takayuki.hashimoto.menuplannerapp;
				PRODUCT_NAME = "$(TARGET_NAME)";
				SUPPORTED_PLATFORMS = "iphoneos iphonesimulator";
				SUPPORTS_MACCATALYST = NO;
				SUPPORTS_MAC_DESIGNED_FOR_IPHONE_IPAD = NO;
				SWIFT_EMIT_LOC_STRINGS = YES;
				SWIFT_VERSION = 5.0;
				TARGETED_DEVICE_FAMILY = "1,2";
			};
			name = Debug;
		};
		4B24EE082A2103F400ABB865 /* Release */ = {
			isa = XCBuildConfiguration;
			baseConfigurationReference = DEFE59A9DFD5D5CBC964686D /* Pods-MenuPlannerApp.release.xcconfig */;
			buildSettings = {
				ALWAYS_EMBED_SWIFT_STANDARD_LIBRARIES = YES;
				ASSETCATALOG_COMPILER_APPICON_NAME = AppIcon;
				ASSETCATALOG_COMPILER_GLOBAL_ACCENT_COLOR_NAME = AccentColor;
				CODE_SIGN_ENTITLEMENTS = MenuPlannerApp/MenuPlannerApp.entitlements;
				CODE_SIGN_STYLE = Automatic;
				CURRENT_PROJECT_VERSION = 1.0.11;
				DEVELOPMENT_ASSET_PATHS = "\"MenuPlannerApp/Preview Content\"";
				DEVELOPMENT_TEAM = 9Y8DN4T44B;
				ENABLE_PREVIEWS = YES;
				GENERATE_INFOPLIST_FILE = YES;
				INFOPLIST_FILE = MenuPlannerApp/Info.plist;
				INFOPLIST_KEY_CFBundleDisplayName = "おうちごはん";
				INFOPLIST_KEY_UIApplicationSceneManifest_Generation = YES;
				INFOPLIST_KEY_UIApplicationSupportsIndirectInputEvents = YES;
				INFOPLIST_KEY_UILaunchScreen_Generation = YES;
				INFOPLIST_KEY_UISupportedInterfaceOrientations_iPad = "UIInterfaceOrientationPortrait UIInterfaceOrientationPortraitUpsideDown UIInterfaceOrientationLandscapeLeft UIInterfaceOrientationLandscapeRight";
				INFOPLIST_KEY_UISupportedInterfaceOrientations_iPhone = "UIInterfaceOrientationPortrait UIInterfaceOrientationLandscapeLeft UIInterfaceOrientationLandscapeRight";
				LD_RUNPATH_SEARCH_PATHS = (
					"$(inherited)",
					"@executable_path/Frameworks",
				);
				MARKETING_VERSION = 1.0.11;
				PRODUCT_BUNDLE_IDENTIFIER = takayuki.hashimoto.menuplannerapp;
				PRODUCT_NAME = "$(TARGET_NAME)";
				SUPPORTED_PLATFORMS = "iphoneos iphonesimulator";
				SUPPORTS_MACCATALYST = NO;
				SUPPORTS_MAC_DESIGNED_FOR_IPHONE_IPAD = NO;
				SWIFT_EMIT_LOC_STRINGS = YES;
				SWIFT_VERSION = 5.0;
				TARGETED_DEVICE_FAMILY = "1,2";
			};
			name = Release;
		};
		4B51C2202A4AAF7600C6EE14 /* Debug */ = {
			isa = XCBuildConfiguration;
			buildSettings = {
				CODE_SIGN_ENTITLEMENTS = ScrapeMenu/ScrapeMenu.entitlements;
				CODE_SIGN_STYLE = Automatic;
				CURRENT_PROJECT_VERSION = 1;
				DEVELOPMENT_TEAM = 9Y8DN4T44B;
				GENERATE_INFOPLIST_FILE = YES;
				INFOPLIST_FILE = ScrapeMenu/Info.plist;
				INFOPLIST_KEY_CFBundleDisplayName = "おうちごはんに連携";
				INFOPLIST_KEY_NSHumanReadableCopyright = "";
				LD_RUNPATH_SEARCH_PATHS = (
					"$(inherited)",
					"@executable_path/Frameworks",
					"@executable_path/../../Frameworks",
				);
				MARKETING_VERSION = 1.0;
				PRODUCT_BUNDLE_IDENTIFIER = takayuki.hashimoto.menuplannerapp.ScrapeMenu;
				PRODUCT_NAME = "$(TARGET_NAME)";
				SKIP_INSTALL = YES;
				SWIFT_EMIT_LOC_STRINGS = YES;
				SWIFT_VERSION = 5.0;
				TARGETED_DEVICE_FAMILY = "1,2";
			};
			name = Debug;
		};
		4B51C2212A4AAF7600C6EE14 /* Release */ = {
			isa = XCBuildConfiguration;
			buildSettings = {
				CODE_SIGN_ENTITLEMENTS = ScrapeMenu/ScrapeMenu.entitlements;
				CODE_SIGN_STYLE = Automatic;
				CURRENT_PROJECT_VERSION = 1;
				DEVELOPMENT_TEAM = 9Y8DN4T44B;
				GENERATE_INFOPLIST_FILE = YES;
				INFOPLIST_FILE = ScrapeMenu/Info.plist;
				INFOPLIST_KEY_CFBundleDisplayName = "おうちごはんに連携";
				INFOPLIST_KEY_NSHumanReadableCopyright = "";
				LD_RUNPATH_SEARCH_PATHS = (
					"$(inherited)",
					"@executable_path/Frameworks",
					"@executable_path/../../Frameworks",
				);
				MARKETING_VERSION = 1.0;
				PRODUCT_BUNDLE_IDENTIFIER = takayuki.hashimoto.menuplannerapp.ScrapeMenu;
				PRODUCT_NAME = "$(TARGET_NAME)";
				SKIP_INSTALL = YES;
				SWIFT_EMIT_LOC_STRINGS = YES;
				SWIFT_VERSION = 5.0;
				TARGETED_DEVICE_FAMILY = "1,2";
			};
			name = Release;
		};
/* End XCBuildConfiguration section */

/* Begin XCConfigurationList section */
		4B24EDEE2A2103F200ABB865 /* Build configuration list for PBXProject "MenuPlannerApp" */ = {
			isa = XCConfigurationList;
			buildConfigurations = (
				4B24EE042A2103F400ABB865 /* Debug */,
				4B24EE052A2103F400ABB865 /* Release */,
			);
			defaultConfigurationIsVisible = 0;
			defaultConfigurationName = Release;
		};
		4B24EE062A2103F400ABB865 /* Build configuration list for PBXNativeTarget "MenuPlannerApp" */ = {
			isa = XCConfigurationList;
			buildConfigurations = (
				4B24EE072A2103F400ABB865 /* Debug */,
				4B24EE082A2103F400ABB865 /* Release */,
			);
			defaultConfigurationIsVisible = 0;
			defaultConfigurationName = Release;
		};
		4B51C21F2A4AAF7600C6EE14 /* Build configuration list for PBXNativeTarget "ScrapeMenu" */ = {
			isa = XCConfigurationList;
			buildConfigurations = (
				4B51C2202A4AAF7600C6EE14 /* Debug */,
				4B51C2212A4AAF7600C6EE14 /* Release */,
			);
			defaultConfigurationIsVisible = 0;
			defaultConfigurationName = Release;
		};
/* End XCConfigurationList section */

/* Begin XCRemoteSwiftPackageReference section */
		4B0EBC012A23797300B4CC63 /* XCRemoteSwiftPackageReference "SDWebImageSwiftUI" */ = {
			isa = XCRemoteSwiftPackageReference;
			repositoryURL = "https://github.com/SDWebImage/SDWebImageSwiftUI.git";
			requirement = {
				kind = upToNextMajorVersion;
				minimumVersion = 2.0.0;
			};
		};
		4B51C1EE2A43238B00C6EE14 /* XCRemoteSwiftPackageReference "SwiftSoup" */ = {
			isa = XCRemoteSwiftPackageReference;
			repositoryURL = "https://github.com/scinfu/SwiftSoup";
			requirement = {
				kind = upToNextMajorVersion;
				minimumVersion = 2.0.0;
			};
		};
/* End XCRemoteSwiftPackageReference section */

/* Begin XCSwiftPackageProductDependency section */
		4B51C1EF2A43238B00C6EE14 /* SwiftSoup */ = {
			isa = XCSwiftPackageProductDependency;
			package = 4B51C1EE2A43238B00C6EE14 /* XCRemoteSwiftPackageReference "SwiftSoup" */;
			productName = SwiftSoup;
		};
/* End XCSwiftPackageProductDependency section */

/* Begin XCVersionGroup section */
		4B24EE012A2103F400ABB865 /* MenuPlannerApp.xcdatamodeld */ = {
			isa = XCVersionGroup;
			children = (
				4BB0A8C72A3401B80089729F /* MenuPlannerApp 2.xcdatamodel */,
				4B24EE022A2103F400ABB865 /* MenuPlannerApp.xcdatamodel */,
			);
			currentVersion = 4B24EE022A2103F400ABB865 /* MenuPlannerApp.xcdatamodel */;
			path = MenuPlannerApp.xcdatamodeld;
			sourceTree = "<group>";
			versionGroupType = wrapper.xcdatamodel;
		};
/* End XCVersionGroup section */
	};
	rootObject = 4B24EDEB2A2103F200ABB865 /* Project object */;
}
