// !$*UTF8*$!
{
	archiveVersion = 1;
	classes = {
	};
	objectVersion = 56;
	objects = {

/* Begin PBXBuildFile section */
		4B0EBC052A23804A00B4CC63 /* ShoppingInputView.swift in Sources */ = {isa = PBXBuildFile; fileRef = 4B0EBC042A23804A00B4CC63 /* ShoppingInputView.swift */; };
		4B0EBC072A2381C700B4CC63 /* ShoppingEditView.swift in Sources */ = {isa = PBXBuildFile; fileRef = 4B0EBC062A2381C700B4CC63 /* ShoppingEditView.swift */; };
		4B24EDF72A2103F200ABB865 /* MenuPlannerAppApp.swift in Sources */ = {isa = PBXBuildFile; fileRef = 4B24EDF62A2103F200ABB865 /* MenuPlannerAppApp.swift */; };
		4B24EDF92A2103F200ABB865 /* ContentView.swift in Sources */ = {isa = PBXBuildFile; fileRef = 4B24EDF82A2103F200ABB865 /* ContentView.swift */; };
		4B24EDFB2A2103F400ABB865 /* Assets.xcassets in Resources */ = {isa = PBXBuildFile; fileRef = 4B24EDFA2A2103F400ABB865 /* Assets.xcassets */; };
		4B24EDFE2A2103F400ABB865 /* Preview Assets.xcassets in Resources */ = {isa = PBXBuildFile; fileRef = 4B24EDFD2A2103F400ABB865 /* Preview Assets.xcassets */; };
		4B24EE002A2103F400ABB865 /* Persistence.swift in Sources */ = {isa = PBXBuildFile; fileRef = 4B24EDFF2A2103F400ABB865 /* Persistence.swift */; };
		4B24EE032A2103F400ABB865 /* MenuPlannerApp.xcdatamodeld in Sources */ = {isa = PBXBuildFile; fileRef = 4B24EE012A2103F400ABB865 /* MenuPlannerApp.xcdatamodeld */; };
		4B24EE0A2A21043C00ABB865 /* InputView.swift in Sources */ = {isa = PBXBuildFile; fileRef = 4B24EE092A21043C00ABB865 /* InputView.swift */; };
		4B24EE0C2A21A04E00ABB865 /* MyMenuListView.swift in Sources */ = {isa = PBXBuildFile; fileRef = 4B24EE0B2A21A04E00ABB865 /* MyMenuListView.swift */; };
		4B24EE0E2A21A07D00ABB865 /* MyMenuInputView.swift in Sources */ = {isa = PBXBuildFile; fileRef = 4B24EE0D2A21A07D00ABB865 /* MyMenuInputView.swift */; };
		4B24EE122A21A0BB00ABB865 /* ShoppingListView.swift in Sources */ = {isa = PBXBuildFile; fileRef = 4B24EE112A21A0BB00ABB865 /* ShoppingListView.swift */; };
		4B24EE162A21A4AD00ABB865 /* MenuPlanList.swift in Sources */ = {isa = PBXBuildFile; fileRef = 4B24EE152A21A4AD00ABB865 /* MenuPlanList.swift */; };
		4B24EE182A228A9700ABB865 /* MyMenuEditView.swift in Sources */ = {isa = PBXBuildFile; fileRef = 4B24EE172A228A9700ABB865 /* MyMenuEditView.swift */; };
		4B24EE1A2A22981300ABB865 /* EditView.swift in Sources */ = {isa = PBXBuildFile; fileRef = 4B24EE192A22981300ABB865 /* EditView.swift */; };
		4BB0A88D2A2E1FCD0089729F /* SeasonalFood.swift in Sources */ = {isa = PBXBuildFile; fileRef = 4BB0A88C2A2E1FCD0089729F /* SeasonalFood.swift */; };
/* End PBXBuildFile section */

/* Begin PBXFileReference section */
		4B0EBC042A23804A00B4CC63 /* ShoppingInputView.swift */ = {isa = PBXFileReference; lastKnownFileType = sourcecode.swift; path = ShoppingInputView.swift; sourceTree = "<group>"; };
		4B0EBC062A2381C700B4CC63 /* ShoppingEditView.swift */ = {isa = PBXFileReference; lastKnownFileType = sourcecode.swift; path = ShoppingEditView.swift; sourceTree = "<group>"; };
		4B24EDF32A2103F200ABB865 /* MenuPlannerApp.app */ = {isa = PBXFileReference; explicitFileType = wrapper.application; includeInIndex = 0; path = MenuPlannerApp.app; sourceTree = BUILT_PRODUCTS_DIR; };
		4B24EDF62A2103F200ABB865 /* MenuPlannerAppApp.swift */ = {isa = PBXFileReference; lastKnownFileType = sourcecode.swift; path = MenuPlannerAppApp.swift; sourceTree = "<group>"; };
		4B24EDF82A2103F200ABB865 /* ContentView.swift */ = {isa = PBXFileReference; lastKnownFileType = sourcecode.swift; path = ContentView.swift; sourceTree = "<group>"; };
		4B24EDFA2A2103F400ABB865 /* Assets.xcassets */ = {isa = PBXFileReference; lastKnownFileType = folder.assetcatalog; path = Assets.xcassets; sourceTree = "<group>"; };
		4B24EDFD2A2103F400ABB865 /* Preview Assets.xcassets */ = {isa = PBXFileReference; lastKnownFileType = folder.assetcatalog; path = "Preview Assets.xcassets"; sourceTree = "<group>"; };
		4B24EDFF2A2103F400ABB865 /* Persistence.swift */ = {isa = PBXFileReference; lastKnownFileType = sourcecode.swift; path = Persistence.swift; sourceTree = "<group>"; };
		4B24EE022A2103F400ABB865 /* MenuPlannerApp.xcdatamodel */ = {isa = PBXFileReference; lastKnownFileType = wrapper.xcdatamodel; path = MenuPlannerApp.xcdatamodel; sourceTree = "<group>"; };
		4B24EE092A21043C00ABB865 /* InputView.swift */ = {isa = PBXFileReference; lastKnownFileType = sourcecode.swift; path = InputView.swift; sourceTree = "<group>"; };
		4B24EE0B2A21A04E00ABB865 /* MyMenuListView.swift */ = {isa = PBXFileReference; lastKnownFileType = sourcecode.swift; path = MyMenuListView.swift; sourceTree = "<group>"; };
		4B24EE0D2A21A07D00ABB865 /* MyMenuInputView.swift */ = {isa = PBXFileReference; lastKnownFileType = sourcecode.swift; path = MyMenuInputView.swift; sourceTree = "<group>"; };
		4B24EE112A21A0BB00ABB865 /* ShoppingListView.swift */ = {isa = PBXFileReference; lastKnownFileType = sourcecode.swift; path = ShoppingListView.swift; sourceTree = "<group>"; };
		4B24EE152A21A4AD00ABB865 /* MenuPlanList.swift */ = {isa = PBXFileReference; lastKnownFileType = sourcecode.swift; path = MenuPlanList.swift; sourceTree = "<group>"; };
		4B24EE172A228A9700ABB865 /* MyMenuEditView.swift */ = {isa = PBXFileReference; lastKnownFileType = sourcecode.swift; path = MyMenuEditView.swift; sourceTree = "<group>"; };
		4B24EE192A22981300ABB865 /* EditView.swift */ = {isa = PBXFileReference; lastKnownFileType = sourcecode.swift; path = EditView.swift; sourceTree = "<group>"; };
		4BB0A88C2A2E1FCD0089729F /* SeasonalFood.swift */ = {isa = PBXFileReference; lastKnownFileType = sourcecode.swift; path = SeasonalFood.swift; sourceTree = "<group>"; };
		4BB0A8C72A3401B80089729F /* MenuPlannerApp 2.xcdatamodel */ = {isa = PBXFileReference; lastKnownFileType = wrapper.xcdatamodel; path = "MenuPlannerApp 2.xcdatamodel"; sourceTree = "<group>"; };
/* End PBXFileReference section */

/* Begin PBXFrameworksBuildPhase section */
		4B24EDF02A2103F200ABB865 /* Frameworks */ = {
			isa = PBXFrameworksBuildPhase;
			buildActionMask = 2147483647;
			files = (
			);
			runOnlyForDeploymentPostprocessing = 0;
		};
/* End PBXFrameworksBuildPhase section */

/* Begin PBXGroup section */
		4B24EDEA2A2103F200ABB865 = {
			isa = PBXGroup;
			children = (
				4B24EDF52A2103F200ABB865 /* MenuPlannerApp */,
				4B24EDF42A2103F200ABB865 /* Products */,
			);
			sourceTree = "<group>";
		};
		4B24EDF42A2103F200ABB865 /* Products */ = {
			isa = PBXGroup;
			children = (
				4B24EDF32A2103F200ABB865 /* MenuPlannerApp.app */,
			);
			name = Products;
			sourceTree = "<group>";
		};
		4B24EDF52A2103F200ABB865 /* MenuPlannerApp */ = {
			isa = PBXGroup;
			children = (
				4B24EDF62A2103F200ABB865 /* MenuPlannerAppApp.swift */,
				4B24EDF82A2103F200ABB865 /* ContentView.swift */,
				4B24EE152A21A4AD00ABB865 /* MenuPlanList.swift */,
				4B24EE092A21043C00ABB865 /* InputView.swift */,
				4B24EE192A22981300ABB865 /* EditView.swift */,
				4B24EE0B2A21A04E00ABB865 /* MyMenuListView.swift */,
				4B24EE0D2A21A07D00ABB865 /* MyMenuInputView.swift */,
				4B24EE172A228A9700ABB865 /* MyMenuEditView.swift */,
				4B24EE112A21A0BB00ABB865 /* ShoppingListView.swift */,
				4B0EBC042A23804A00B4CC63 /* ShoppingInputView.swift */,
				4B0EBC062A2381C700B4CC63 /* ShoppingEditView.swift */,
				4BB0A88C2A2E1FCD0089729F /* SeasonalFood.swift */,
				4B24EDFA2A2103F400ABB865 /* Assets.xcassets */,
				4B24EDFF2A2103F400ABB865 /* Persistence.swift */,
				4B24EE012A2103F400ABB865 /* MenuPlannerApp.xcdatamodeld */,
				4B24EDFC2A2103F400ABB865 /* Preview Content */,
			);
			path = MenuPlannerApp;
			sourceTree = "<group>";
		};
		4B24EDFC2A2103F400ABB865 /* Preview Content */ = {
			isa = PBXGroup;
			children = (
				4B24EDFD2A2103F400ABB865 /* Preview Assets.xcassets */,
			);
			path = "Preview Content";
			sourceTree = "<group>";
		};
/* End PBXGroup section */

/* Begin PBXNativeTarget section */
		4B24EDF22A2103F200ABB865 /* MenuPlannerApp */ = {
			isa = PBXNativeTarget;
			buildConfigurationList = 4B24EE062A2103F400ABB865 /* Build configuration list for PBXNativeTarget "MenuPlannerApp" */;
			buildPhases = (
				4B24EDEF2A2103F200ABB865 /* Sources */,
				4B24EDF02A2103F200ABB865 /* Frameworks */,
				4B24EDF12A2103F200ABB865 /* Resources */,
			);
			buildRules = (
			);
			dependencies = (
			);
			name = MenuPlannerApp;
			packageProductDependencies = (
			);
			productName = MenuPlannerApp;
			productReference = 4B24EDF32A2103F200ABB865 /* MenuPlannerApp.app */;
			productType = "com.apple.product-type.application";
		};
/* End PBXNativeTarget section */

/* Begin PBXProject section */
		4B24EDEB2A2103F200ABB865 /* Project object */ = {
			isa = PBXProject;
			attributes = {
				BuildIndependentTargetsInParallel = 1;
				LastSwiftUpdateCheck = 1430;
				LastUpgradeCheck = 1430;
				TargetAttributes = {
					4B24EDF22A2103F200ABB865 = {
						CreatedOnToolsVersion = 14.3;
					};
				};
			};
			buildConfigurationList = 4B24EDEE2A2103F200ABB865 /* Build configuration list for PBXProject "MenuPlannerApp" */;
			compatibilityVersion = "Xcode 14.0";
			developmentRegion = en;
			hasScannedForEncodings = 0;
			knownRegions = (
				en,
				Base,
			);
			mainGroup = 4B24EDEA2A2103F200ABB865;
			packageReferences = (
				4B0EBC012A23797300B4CC63 /* XCRemoteSwiftPackageReference "SDWebImageSwiftUI" */,
			);
			productRefGroup = 4B24EDF42A2103F200ABB865 /* Products */;
			projectDirPath = "";
			projectRoot = "";
			targets = (
				4B24EDF22A2103F200ABB865 /* MenuPlannerApp */,
			);
		};
/* End PBXProject section */

/* Begin PBXResourcesBuildPhase section */
		4B24EDF12A2103F200ABB865 /* Resources */ = {
			isa = PBXResourcesBuildPhase;
			buildActionMask = 2147483647;
			files = (
				4B24EDFE2A2103F400ABB865 /* Preview Assets.xcassets in Resources */,
				4B24EDFB2A2103F400ABB865 /* Assets.xcassets in Resources */,
			);
			runOnlyForDeploymentPostprocessing = 0;
		};
/* End PBXResourcesBuildPhase section */

/* Begin PBXSourcesBuildPhase section */
		4B24EDEF2A2103F200ABB865 /* Sources */ = {
			isa = PBXSourcesBuildPhase;
			buildActionMask = 2147483647;
			files = (
				4B24EE122A21A0BB00ABB865 /* ShoppingListView.swift in Sources */,
				4B0EBC052A23804A00B4CC63 /* ShoppingInputView.swift in Sources */,
				4B24EE162A21A4AD00ABB865 /* MenuPlanList.swift in Sources */,
				4BB0A88D2A2E1FCD0089729F /* SeasonalFood.swift in Sources */,
				4B24EE1A2A22981300ABB865 /* EditView.swift in Sources */,
				4B24EE002A2103F400ABB865 /* Persistence.swift in Sources */,
				4B24EE182A228A9700ABB865 /* MyMenuEditView.swift in Sources */,
				4B24EE032A2103F400ABB865 /* MenuPlannerApp.xcdatamodeld in Sources */,
				4B24EE0A2A21043C00ABB865 /* InputView.swift in Sources */,
				4B24EDF92A2103F200ABB865 /* ContentView.swift in Sources */,
				4B24EE0E2A21A07D00ABB865 /* MyMenuInputView.swift in Sources */,
				4B24EDF72A2103F200ABB865 /* MenuPlannerAppApp.swift in Sources */,
				4B24EE0C2A21A04E00ABB865 /* MyMenuListView.swift in Sources */,
				4B0EBC072A2381C700B4CC63 /* ShoppingEditView.swift in Sources */,
			);
			runOnlyForDeploymentPostprocessing = 0;
		};
/* End PBXSourcesBuildPhase section */

/* Begin XCBuildConfiguration section */
		4B24EE042A2103F400ABB865 /* Debug */ = {
			isa = XCBuildConfiguration;
			buildSettings = {
				ALWAYS_SEARCH_USER_PATHS = NO;
				CLANG_ANALYZER_NONNULL = YES;
				CLANG_ANALYZER_NUMBER_OBJECT_CONVERSION = YES_AGGRESSIVE;
				CLANG_CXX_LANGUAGE_STANDARD = "gnu++20";
				CLANG_ENABLE_MODULES = YES;
				CLANG_ENABLE_OBJC_ARC = YES;
				CLANG_ENABLE_OBJC_WEAK = YES;
				CLANG_WARN_BLOCK_CAPTURE_AUTORELEASING = YES;
				CLANG_WARN_BOOL_CONVERSION = YES;
				CLANG_WARN_COMMA = YES;
				CLANG_WARN_CONSTANT_CONVERSION = YES;
				CLANG_WARN_DEPRECATED_OBJC_IMPLEMENTATIONS = YES;
				CLANG_WARN_DIRECT_OBJC_ISA_USAGE = YES_ERROR;
				CLANG_WARN_DOCUMENTATION_COMMENTS = YES;
				CLANG_WARN_EMPTY_BODY = YES;
				CLANG_WARN_ENUM_CONVERSION = YES;
				CLANG_WARN_INFINITE_RECURSION = YES;
				CLANG_WARN_INT_CONVERSION = YES;
				CLANG_WARN_NON_LITERAL_NULL_CONVERSION = YES;
				CLANG_WARN_OBJC_IMPLICIT_RETAIN_SELF = YES;
				CLANG_WARN_OBJC_LITERAL_CONVERSION = YES;
				CLANG_WARN_OBJC_ROOT_CLASS = YES_ERROR;
				CLANG_WARN_QUOTED_INCLUDE_IN_FRAMEWORK_HEADER = YES;
				CLANG_WARN_RANGE_LOOP_ANALYSIS = YES;
				CLANG_WARN_STRICT_PROTOTYPES = YES;
				CLANG_WARN_SUSPICIOUS_MOVE = YES;
				CLANG_WARN_UNGUARDED_AVAILABILITY = YES_AGGRESSIVE;
				CLANG_WARN_UNREACHABLE_CODE = YES;
				CLANG_WARN__DUPLICATE_METHOD_MATCH = YES;
				COPY_PHASE_STRIP = NO;
				DEBUG_INFORMATION_FORMAT = dwarf;
				ENABLE_STRICT_OBJC_MSGSEND = YES;
				ENABLE_TESTABILITY = YES;
				GCC_C_LANGUAGE_STANDARD = gnu11;
				GCC_DYNAMIC_NO_PIC = NO;
				GCC_NO_COMMON_BLOCKS = YES;
				GCC_OPTIMIZATION_LEVEL = 0;
				GCC_PREPROCESSOR_DEFINITIONS = (
					"DEBUG=1",
					"$(inherited)",
				);
				GCC_WARN_64_TO_32_BIT_CONVERSION = YES;
				GCC_WARN_ABOUT_RETURN_TYPE = YES_ERROR;
				GCC_WARN_UNDECLARED_SELECTOR = YES;
				GCC_WARN_UNINITIALIZED_AUTOS = YES_AGGRESSIVE;
				GCC_WARN_UNUSED_FUNCTION = YES;
				GCC_WARN_UNUSED_VARIABLE = YES;
				IPHONEOS_DEPLOYMENT_TARGET = 16.4;
				MTL_ENABLE_DEBUG_INFO = INCLUDE_SOURCE;
				MTL_FAST_MATH = YES;
				ONLY_ACTIVE_ARCH = YES;
				SDKROOT = iphoneos;
				SWIFT_ACTIVE_COMPILATION_CONDITIONS = DEBUG;
				SWIFT_OPTIMIZATION_LEVEL = "-Onone";
			};
			name = Debug;
		};
		4B24EE052A2103F400ABB865 /* Release */ = {
			isa = XCBuildConfiguration;
			buildSettings = {
				ALWAYS_SEARCH_USER_PATHS = NO;
				CLANG_ANALYZER_NONNULL = YES;
				CLANG_ANALYZER_NUMBER_OBJECT_CONVERSION = YES_AGGRESSIVE;
				CLANG_CXX_LANGUAGE_STANDARD = "gnu++20";
				CLANG_ENABLE_MODULES = YES;
				CLANG_ENABLE_OBJC_ARC = YES;
				CLANG_ENABLE_OBJC_WEAK = YES;
				CLANG_WARN_BLOCK_CAPTURE_AUTORELEASING = YES;
				CLANG_WARN_BOOL_CONVERSION = YES;
				CLANG_WARN_COMMA = YES;
				CLANG_WARN_CONSTANT_CONVERSION = YES;
				CLANG_WARN_DEPRECATED_OBJC_IMPLEMENTATIONS = YES;
				CLANG_WARN_DIRECT_OBJC_ISA_USAGE = YES_ERROR;
				CLANG_WARN_DOCUMENTATION_COMMENTS = YES;
				CLANG_WARN_EMPTY_BODY = YES;
				CLANG_WARN_ENUM_CONVERSION = YES;
				CLANG_WARN_INFINITE_RECURSION = YES;
				CLANG_WARN_INT_CONVERSION = YES;
				CLANG_WARN_NON_LITERAL_NULL_CONVERSION = YES;
				CLANG_WARN_OBJC_IMPLICIT_RETAIN_SELF = YES;
				CLANG_WARN_OBJC_LITERAL_CONVERSION = YES;
				CLANG_WARN_OBJC_ROOT_CLASS = YES_ERROR;
				CLANG_WARN_QUOTED_INCLUDE_IN_FRAMEWORK_HEADER = YES;
				CLANG_WARN_RANGE_LOOP_ANALYSIS = YES;
				CLANG_WARN_STRICT_PROTOTYPES = YES;
				CLANG_WARN_SUSPICIOUS_MOVE = YES;
				CLANG_WARN_UNGUARDED_AVAILABILITY = YES_AGGRESSIVE;
				CLANG_WARN_UNREACHABLE_CODE = YES;
				CLANG_WARN__DUPLICATE_METHOD_MATCH = YES;
				COPY_PHASE_STRIP = NO;
				DEBUG_INFORMATION_FORMAT = "dwarf-with-dsym";
				ENABLE_NS_ASSERTIONS = NO;
				ENABLE_STRICT_OBJC_MSGSEND = YES;
				GCC_C_LANGUAGE_STANDARD = gnu11;
				GCC_NO_COMMON_BLOCKS = YES;
				GCC_WARN_64_TO_32_BIT_CONVERSION = YES;
				GCC_WARN_ABOUT_RETURN_TYPE = YES_ERROR;
				GCC_WARN_UNDECLARED_SELECTOR = YES;
				GCC_WARN_UNINITIALIZED_AUTOS = YES_AGGRESSIVE;
				GCC_WARN_UNUSED_FUNCTION = YES;
				GCC_WARN_UNUSED_VARIABLE = YES;
				IPHONEOS_DEPLOYMENT_TARGET = 16.4;
				MTL_ENABLE_DEBUG_INFO = NO;
				MTL_FAST_MATH = YES;
				SDKROOT = iphoneos;
				SWIFT_COMPILATION_MODE = wholemodule;
				SWIFT_OPTIMIZATION_LEVEL = "-O";
				VALIDATE_PRODUCT = YES;
			};
			name = Release;
		};
		4B24EE072A2103F400ABB865 /* Debug */ = {
			isa = XCBuildConfiguration;
			buildSettings = {
				ASSETCATALOG_COMPILER_APPICON_NAME = AppIcon;
				ASSETCATALOG_COMPILER_GLOBAL_ACCENT_COLOR_NAME = AccentColor;
				CODE_SIGN_STYLE = Automatic;
				CURRENT_PROJECT_VERSION = 1.0.0;
				DEVELOPMENT_ASSET_PATHS = "\"MenuPlannerApp/Preview Content\"";
				DEVELOPMENT_TEAM = 9Y8DN4T44B;
				ENABLE_PREVIEWS = YES;
				GENERATE_INFOPLIST_FILE = YES;
				INFOPLIST_KEY_UIApplicationSceneManifest_Generation = YES;
				INFOPLIST_KEY_UIApplicationSupportsIndirectInputEvents = YES;
				INFOPLIST_KEY_UILaunchScreen_Generation = YES;
				INFOPLIST_KEY_UISupportedInterfaceOrientations_iPad = "UIInterfaceOrientationPortrait UIInterfaceOrientationPortraitUpsideDown UIInterfaceOrientationLandscapeLeft UIInterfaceOrientationLandscapeRight";
				INFOPLIST_KEY_UISupportedInterfaceOrientations_iPhone = "UIInterfaceOrientationPortrait UIInterfaceOrientationLandscapeLeft UIInterfaceOrientationLandscapeRight";
				LD_RUNPATH_SEARCH_PATHS = (
					"$(inherited)",
					"@executable_path/Frameworks",
				);
				MARKETING_VERSION = 1.0.0;
				PRODUCT_BUNDLE_IDENTIFIER = takayuki.hashimoto.menuplannerapp;
				PRODUCT_NAME = "$(TARGET_NAME)";
				SUPPORTED_PLATFORMS = "iphoneos iphonesimulator";
				SUPPORTS_MACCATALYST = NO;
				SUPPORTS_MAC_DESIGNED_FOR_IPHONE_IPAD = NO;
				SWIFT_EMIT_LOC_STRINGS = YES;
				SWIFT_VERSION = 5.0;
				TARGETED_DEVICE_FAMILY = 1;
			};
			name = Debug;
		};
		4B24EE082A2103F400ABB865 /* Release */ = {
			isa = XCBuildConfiguration;
			buildSettings = {
				ASSETCATALOG_COMPILER_APPICON_NAME = AppIcon;
				ASSETCATALOG_COMPILER_GLOBAL_ACCENT_COLOR_NAME = AccentColor;
				CODE_SIGN_STYLE = Automatic;
				CURRENT_PROJECT_VERSION = 1.0.0;
				DEVELOPMENT_ASSET_PATHS = "\"MenuPlannerApp/Preview Content\"";
				DEVELOPMENT_TEAM = 9Y8DN4T44B;
				ENABLE_PREVIEWS = YES;
				GENERATE_INFOPLIST_FILE = YES;
				INFOPLIST_KEY_UIApplicationSceneManifest_Generation = YES;
				INFOPLIST_KEY_UIApplicationSupportsIndirectInputEvents = YES;
				INFOPLIST_KEY_UILaunchScreen_Generation = YES;
				INFOPLIST_KEY_UISupportedInterfaceOrientations_iPad = "UIInterfaceOrientationPortrait UIInterfaceOrientationPortraitUpsideDown UIInterfaceOrientationLandscapeLeft UIInterfaceOrientationLandscapeRight";
				INFOPLIST_KEY_UISupportedInterfaceOrientations_iPhone = "UIInterfaceOrientationPortrait UIInterfaceOrientationLandscapeLeft UIInterfaceOrientationLandscapeRight";
				LD_RUNPATH_SEARCH_PATHS = (
					"$(inherited)",
					"@executable_path/Frameworks",
				);
				MARKETING_VERSION = 1.0.0;
				PRODUCT_BUNDLE_IDENTIFIER = takayuki.hashimoto.menuplannerapp;
				PRODUCT_NAME = "$(TARGET_NAME)";
				SUPPORTED_PLATFORMS = "iphoneos iphonesimulator";
				SUPPORTS_MACCATALYST = NO;
				SUPPORTS_MAC_DESIGNED_FOR_IPHONE_IPAD = NO;
				SWIFT_EMIT_LOC_STRINGS = YES;
				SWIFT_VERSION = 5.0;
				TARGETED_DEVICE_FAMILY = 1;
			};
			name = Release;
		};
/* End XCBuildConfiguration section */

/* Begin XCConfigurationList section */
		4B24EDEE2A2103F200ABB865 /* Build configuration list for PBXProject "MenuPlannerApp" */ = {
			isa = XCConfigurationList;
			buildConfigurations = (
				4B24EE042A2103F400ABB865 /* Debug */,
				4B24EE052A2103F400ABB865 /* Release */,
			);
			defaultConfigurationIsVisible = 0;
			defaultConfigurationName = Release;
		};
		4B24EE062A2103F400ABB865 /* Build configuration list for PBXNativeTarget "MenuPlannerApp" */ = {
			isa = XCConfigurationList;
			buildConfigurations = (
				4B24EE072A2103F400ABB865 /* Debug */,
				4B24EE082A2103F400ABB865 /* Release */,
			);
			defaultConfigurationIsVisible = 0;
			defaultConfigurationName = Release;
		};
/* End XCConfigurationList section */

/* Begin XCRemoteSwiftPackageReference section */
		4B0EBC012A23797300B4CC63 /* XCRemoteSwiftPackageReference "SDWebImageSwiftUI" */ = {
			isa = XCRemoteSwiftPackageReference;
			repositoryURL = "https://github.com/SDWebImage/SDWebImageSwiftUI.git";
			requirement = {
				kind = upToNextMajorVersion;
				minimumVersion = 2.0.0;
			};
		};
/* End XCRemoteSwiftPackageReference section */

/* Begin XCVersionGroup section */
		4B24EE012A2103F400ABB865 /* MenuPlannerApp.xcdatamodeld */ = {
			isa = XCVersionGroup;
			children = (
				4BB0A8C72A3401B80089729F /* MenuPlannerApp 2.xcdatamodel */,
				4B24EE022A2103F400ABB865 /* MenuPlannerApp.xcdatamodel */,
			);
			currentVersion = 4B24EE022A2103F400ABB865 /* MenuPlannerApp.xcdatamodel */;
			path = MenuPlannerApp.xcdatamodeld;
			sourceTree = "<group>";
			versionGroupType = wrapper.xcdatamodel;
		};
/* End XCVersionGroup section */
	};
	rootObject = 4B24EDEB2A2103F200ABB865 /* Project object */;
}
